
Microsoft Visual Studio Solution File, Format Version 12.00
# Visual Studio 14
VisualStudioVersion = 14.0.25420.1
MinimumVisualStudioVersion = 10.0.40219.1
Project("{FAE04EC0-301F-11D3-BF4B-00C04F79EFBC}") = "Converters", "Converters\Converters.csproj", "{11E762B6-92A9-47A6-B92A-B0030407DF6B}"
EndProject
Project("{FAE04EC0-301F-11D3-BF4B-00C04F79EFBC}") = "Converters.Test", "Converters.Test\Converters.Test.csproj", "{BC842743-3BAE-4961-803D-CF6B9E941068}"
EndProject
Project("{2150E333-8FDC-42A3-9474-1A3956D46DE8}") = "Solution Items", "Solution Items", "{BC860412-506B-498D-BA56-7D7865C8D721}"
	ProjectSection(SolutionItems) = preProject
		..\README.md = ..\README.md
	EndProjectSection
EndProject
Project("{2150E333-8FDC-42A3-9474-1A3956D46DE8}") = "NuGet", "NuGet", "{73BA301C-3B96-4749-BB2C-948781D197A7}"
	ProjectSection(SolutionItems) = preProject
		NuGet\nuget.exe = NuGet\nuget.exe
		NuGet\README.txt = NuGet\README.txt
	EndProjectSection
EndProject
Global
	GlobalSection(SolutionConfigurationPlatforms) = preSolution
		Debug|Any CPU = Debug|Any CPU
		Release|Any CPU = Release|Any CPU
	EndGlobalSection
	GlobalSection(ProjectConfigurationPlatforms) = postSolution
		{11E762B6-92A9-47A6-B92A-B0030407DF6B}.Debug|Any CPU.ActiveCfg = Debug|Any CPU
		{11E762B6-92A9-47A6-B92A-B0030407DF6B}.Debug|Any CPU.Build.0 = Debug|Any CPU
		{11E762B6-92A9-47A6-B92A-B0030407DF6B}.Release|Any CPU.ActiveCfg = Release|Any CPU
		{11E762B6-92A9-47A6-B92A-B0030407DF6B}.Release|Any CPU.Build.0 = Release|Any CPU
		{BC842743-3BAE-4961-803D-CF6B9E941068}.Debug|Any CPU.ActiveCfg = Debug|Any CPU
		{BC842743-3BAE-4961-803D-CF6B9E941068}.Debug|Any CPU.Build.0 = Debug|Any CPU
		{BC842743-3BAE-4961-803D-CF6B9E941068}.Release|Any CPU.ActiveCfg = Release|Any CPU
		{BC842743-3BAE-4961-803D-CF6B9E941068}.Release|Any CPU.Build.0 = Release|Any CPU
	EndGlobalSection
	GlobalSection(SolutionProperties) = preSolution
		HideSolutionNode = FALSE
	EndGlobalSection
EndGlobal
